
Microsoft Visual Studio Solution File, Format Version 12.00
# Visual Studio Version 17
VisualStudioVersion = 17.5.33627.172
MinimumVisualStudioVersion = 10.0.40219.1
Project("{FAE04EC0-301F-11D3-BF4B-00C04F79EFBC}") = "getFludMarksData", "getFludMarksData\getFludMarksData.csproj", "{8B802DFF-BD3B-418C-9A51-8BBE13E5E20A}"
EndProject
Project("{FAE04EC0-301F-11D3-BF4B-00C04F79EFBC}") = "getLocateMap", "getLocateMap\getLocateMap.csproj", "{E2441E7B-B9EE-4979-A183-5131E5923233}"
EndProject
Global
	GlobalSection(SolutionConfigurationPlatforms) = preSolution
		Debug|Any CPU = Debug|Any CPU
		Release|Any CPU = Release|Any CPU
	EndGlobalSection
	GlobalSection(ProjectConfigurationPlatforms) = postSolution
		{8B802DFF-BD3B-418C-9A51-8BBE13E5E20A}.Debug|Any CPU.ActiveCfg = Debug|Any CPU
		{8B802DFF-BD3B-418C-9A51-8BBE13E5E20A}.Debug|Any CPU.Build.0 = Debug|Any CPU
		{8B802DFF-BD3B-418C-9A51-8BBE13E5E20A}.Release|Any CPU.ActiveCfg = Release|Any CPU
		{8B802DFF-BD3B-418C-9A51-8BBE13E5E20A}.Release|Any CPU.Build.0 = Release|Any CPU
		{E2441E7B-B9EE-4979-A183-5131E5923233}.Debug|Any CPU.ActiveCfg = Debug|Any CPU
		{E2441E7B-B9EE-4979-A183-5131E5923233}.Debug|Any CPU.Build.0 = Debug|Any CPU
		{E2441E7B-B9EE-4979-A183-5131E5923233}.Release|Any CPU.ActiveCfg = Release|Any CPU
		{E2441E7B-B9EE-4979-A183-5131E5923233}.Release|Any CPU.Build.0 = Release|Any CPU
	EndGlobalSection
	GlobalSection(SolutionProperties) = preSolution
		HideSolutionNode = FALSE
	EndGlobalSection
	GlobalSection(ExtensibilityGlobals) = postSolution
		SolutionGuid = {0AAE08F0-56C9-4D86-999D-32895405F720}
	EndGlobalSection
EndGlobal
