
Microsoft Visual Studio Solution File, Format Version 12.00
# Visual Studio Version 17
VisualStudioVersion = 17.5.33516.290
MinimumVisualStudioVersion = 10.0.40219.1
Project("{FAE04EC0-301F-11D3-BF4B-00C04F79EFBC}") = "MiniProject_AsosDaly", "MiniProject_AsosDaly\MiniProject_AsosDaly.csproj", "{CE72F077-04B2-41CA-9731-3619DCD2B058}"
EndProject
Project("{FAE04EC0-301F-11D3-BF4B-00C04F79EFBC}") = "MiniProject_weatherApp", "MiniProject_weatherApp\MiniProject_weatherApp.csproj", "{66441AB5-45B5-408C-A9F1-AA5657886966}"
EndProject
Global
	GlobalSection(SolutionConfigurationPlatforms) = preSolution
		Debug|Any CPU = Debug|Any CPU
		Release|Any CPU = Release|Any CPU
	EndGlobalSection
	GlobalSection(ProjectConfigurationPlatforms) = postSolution
		{CE72F077-04B2-41CA-9731-3619DCD2B058}.Debug|Any CPU.ActiveCfg = Debug|Any CPU
		{CE72F077-04B2-41CA-9731-3619DCD2B058}.Debug|Any CPU.Build.0 = Debug|Any CPU
		{CE72F077-04B2-41CA-9731-3619DCD2B058}.Release|Any CPU.ActiveCfg = Release|Any CPU
		{CE72F077-04B2-41CA-9731-3619DCD2B058}.Release|Any CPU.Build.0 = Release|Any CPU
		{66441AB5-45B5-408C-A9F1-AA5657886966}.Debug|Any CPU.ActiveCfg = Debug|Any CPU
		{66441AB5-45B5-408C-A9F1-AA5657886966}.Debug|Any CPU.Build.0 = Debug|Any CPU
		{66441AB5-45B5-408C-A9F1-AA5657886966}.Release|Any CPU.ActiveCfg = Release|Any CPU
		{66441AB5-45B5-408C-A9F1-AA5657886966}.Release|Any CPU.Build.0 = Release|Any CPU
	EndGlobalSection
	GlobalSection(SolutionProperties) = preSolution
		HideSolutionNode = FALSE
	EndGlobalSection
	GlobalSection(ExtensibilityGlobals) = postSolution
		SolutionGuid = {F8F52619-49D4-4680-BF51-E9171DFA9BFC}
	EndGlobalSection
EndGlobal
